<?xml version="1.0" encoding="utf-8"?>
<Project ToolsVersion="4.0" xmlns="http://schemas.microsoft.com/developer/msbuild/2003">
  <ItemGroup>
    <Filter Include="源文件">
      <UniqueIdentifier>{4FC737F1-C7A5-4376-A066-2A32D752A2FF}</UniqueIdentifier>
      <Extensions>cpp;c;cc;cxx;def;odl;idl;hpj;bat;asm;asmx</Extensions>
    </Filter>
    <Filter Include="头文件">
      <UniqueIdentifier>{93995380-89BD-4b04-88EB-625FBE52EBFB}</UniqueIdentifier>
      <Extensions>h;hpp;hxx;hm;inl;inc;xsd</Extensions>
    </Filter>
    <Filter Include="资源文件">
      <UniqueIdentifier>{67DA6AB6-F800-4c08-8B7A-83BB121AAD01}</UniqueIdentifier>
      <Extensions>rc;ico;cur;bmp;dlg;rc2;rct;bin;rgs;gif;jpg;jpeg;jpe;resx;tiff;tif;png;wav;mfcribbon-ms</Extensions>
    </Filter>
  </ItemGroup>
  <ItemGroup>
    <None Include="ReadMe.txt" />
    <None Include="res\nav_large.bmp">
      <Filter>资源文件</Filter>
    </None>
    <None Include="res\nav_large_hc.bmp">
      <Filter>资源文件</Filter>
    </None>
    <None Include="res\pages.bmp">
      <Filter>资源文件</Filter>
    </None>
    <None Include="res\pages_hc.bmp">
      <Filter>资源文件</Filter>
    </None>
    <None Include="res\pages_small.bmp">
      <Filter>资源文件</Filter>
    </None>
    <None Include="res\pages_small_hc.bmp">
      <Filter>资源文件</Filter>
    </None>
    <None Include="res\info.bmp">
      <Filter>资源文件</Filter>
    </None>
    <None Include="res\buttons.bmp">
      <Filter>资源文件</Filter>
    </None>
    <None Include="res\filelarge.bmp">
      <Filter>资源文件</Filter>
    </None>
    <None Include="res\filesmall.bmp">
      <Filter>资源文件</Filter>
    </None>
    <None Include="res\main.bmp">
      <Filter>资源文件</Filter>
    </None>
    <None Include="res\writelarge.bmp">
      <Filter>资源文件</Filter>
    </None>
    <None Include="res\writesmall.bmp">
      <Filter>资源文件</Filter>
    </None>
    <None Include="res\ribbon.mfcribbon-ms">
      <Filter>资源文件</Filter>
    </None>
    <None Include="res\QLSvrMgn.rc2">
      <Filter>资源文件</Filter>
    </None>
    <None Include="res\QLSvrMgnDoc.ico">
      <Filter>资源文件</Filter>
    </None>
    <None Include="res\QLSvrMgn.ico">
      <Filter>资源文件</Filter>
    </None>
    <None Include="res\Toolbar.bmp">
      <Filter>资源文件</Filter>
    </None>
    <None Include="res\Toolbar256.bmp">
      <Filter>资源文件</Filter>
    </None>
    <None Include="res\gif1.bin">
      <Filter>资源文件</Filter>
    </None>
    <None Include="res\Loading.gif">
      <Filter>资源文件</Filter>
    </None>
  </ItemGroup>
  <ItemGroup>
    <ClInclude Include="QLSvrMgn.h">
      <Filter>头文件</Filter>
    </ClInclude>
    <ClInclude Include="stdafx.h">
      <Filter>头文件</Filter>
    </ClInclude>
    <ClInclude Include="targetver.h">
      <Filter>头文件</Filter>
    </ClInclude>
    <ClInclude Include="MainFrm.h">
      <Filter>头文件</Filter>
    </ClInclude>
    <ClInclude Include="QLSvrMgnDoc.h">
      <Filter>头文件</Filter>
    </ClInclude>
    <ClInclude Include="QLSvrMgnView.h">
      <Filter>头文件</Filter>
    </ClInclude>
    <ClInclude Include="Resource.h">
      <Filter>头文件</Filter>
    </ClInclude>
    <ClInclude Include="CalendarBar.h">
      <Filter>头文件</Filter>
    </ClInclude>
    <ClInclude Include="MyCtrlEx\TabCtrl\MyTabCtrlEx.h">
      <Filter>头文件</Filter>
    </ClInclude>
    <ClInclude Include="MyCtrlEx\TabDlg\TabDialog.h">
      <Filter>头文件</Filter>
    </ClInclude>
    <ClInclude Include="MyCtrlEx\Outlook\MyOutlookBar.h">
      <Filter>头文件</Filter>
    </ClInclude>
    <ClInclude Include="MyCtrlEx\Outlook\MyOutlookBarPane.h">
      <Filter>头文件</Filter>
    </ClInclude>
    <ClInclude Include="MyCtrlEx\RibbonBar\MyRibbonBar.h">
      <Filter>头文件</Filter>
    </ClInclude>
    <ClInclude Include="MyCtrlEx\StatusBar\MyStatusBar.h">
      <Filter>头文件</Filter>
    </ClInclude>
    <ClInclude Include="Factory\CDlgFactory.h">
      <Filter>头文件</Filter>
    </ClInclude>
    <ClInclude Include="DlgWelcome.h">
      <Filter>头文件</Filter>
    </ClInclude>
    <ClInclude Include="MyCtrlEx\CaptionBar\MyCaptionBar.h">
      <Filter>头文件</Filter>
    </ClInclude>
    <ClInclude Include="MyCtrlEx\RibbonApplicationButton\MyRibbonApplicationButton.h">
      <Filter>头文件</Filter>
    </ClInclude>
    <ClInclude Include="DlgPane1item1.h">
      <Filter>头文件</Filter>
    </ClInclude>
    <ClInclude Include="DlgPane1Item2.h">
      <Filter>头文件</Filter>
    </ClInclude>
    <ClInclude Include="DlgPane2Item1.h">
      <Filter>头文件</Filter>
    </ClInclude>
    <ClInclude Include="DlgPane2Item2.h">
      <Filter>头文件</Filter>
    </ClInclude>
    <ClInclude Include="DlgPane2Item3.h">
      <Filter>头文件</Filter>
    </ClInclude>
    <ClInclude Include="DlgPane1Item3.h">
      <Filter>头文件</Filter>
    </ClInclude>
    <ClInclude Include="FileTxt.h">
      <Filter>头文件</Filter>
    </ClInclude>
    <ClInclude Include="Directory.h">
      <Filter>头文件</Filter>
    </ClInclude>
    <ClInclude Include="MyADOConnEx.h">
      <Filter>头文件</Filter>
    </ClInclude>
    <ClInclude Include="DBDatabaseFields.h">
      <Filter>头文件</Filter>
    </ClInclude>
    <ClInclude Include="LocalConfigureDlg.h">
      <Filter>头文件</Filter>
    </ClInclude>
    <ClInclude Include="DlgLoading.h">
      <Filter>头文件</Filter>
    </ClInclude>
    <ClInclude Include="MyCtrlEx\Static\PictureEx.h">
      <Filter>头文件</Filter>
    </ClInclude>
    <ClInclude Include="MyCtrlEx\Desktop\CMFCDesktopAlertMid.h">
      <Filter>头文件</Filter>
    </ClInclude>
    <ClInclude Include="DlgDesktop.h">
      <Filter>头文件</Filter>
    </ClInclude>
    <ClInclude Include="DlgTask.h">
      <Filter>头文件</Filter>
    </ClInclude>
    <ClInclude Include="DBTaskInfo.h">
      <Filter>头文件</Filter>
    </ClInclude>
    <ClInclude Include="Macrodefine.h">
      <Filter>头文件</Filter>
    </ClInclude>
    <ClInclude Include="DlgCreateSqlScript.h">
      <Filter>头文件</Filter>
    </ClInclude>
    <ClInclude Include="usr_define.h">
      <Filter>头文件</Filter>
    </ClInclude>
    <ClInclude Include="Registry.h">
      <Filter>头文件</Filter>
    </ClInclude>
    <ClInclude Include="..\..\CommonInclude\Global\ClassEx\MySerial.h">
      <Filter>头文件</Filter>
    </ClInclude>
    <ClInclude Include="DataMid.h">
      <Filter>头文件</Filter>
    </ClInclude>
    <ClInclude Include="DBDef.h">
      <Filter>头文件</Filter>
    </ClInclude>
    <ClInclude Include="..\..\CommonInclude\Global\ClassEx\ADOConn\ADOConn.h">
      <Filter>头文件</Filter>
    </ClInclude>
  </ItemGroup>
  <ItemGroup>
    <ClCompile Include="QLSvrMgn.cpp">
      <Filter>源文件</Filter>
    </ClCompile>
    <ClCompile Include="stdafx.cpp">
      <Filter>源文件</Filter>
    </ClCompile>
    <ClCompile Include="MainFrm.cpp">
      <Filter>源文件</Filter>
    </ClCompile>
    <ClCompile Include="QLSvrMgnDoc.cpp">
      <Filter>源文件</Filter>
    </ClCompile>
    <ClCompile Include="QLSvrMgnView.cpp">
      <Filter>源文件</Filter>
    </ClCompile>
    <ClCompile Include="CalendarBar.cpp">
      <Filter>源文件</Filter>
    </ClCompile>
    <ClCompile Include="MyCtrlEx\TabCtrl\MyTabCtrlEx.cpp">
      <Filter>源文件</Filter>
    </ClCompile>
    <ClCompile Include="MyCtrlEx\TabDlg\TabDialog.cpp">
      <Filter>源文件</Filter>
    </ClCompile>
    <ClCompile Include="MyCtrlEx\Outlook\MyOutlookBar.cpp">
      <Filter>源文件</Filter>
    </ClCompile>
    <ClCompile Include="MyCtrlEx\Outlook\MyOutlookBarPane.cpp">
      <Filter>源文件</Filter>
    </ClCompile>
    <ClCompile Include="MyCtrlEx\RibbonBar\MyRibbonBar.cpp">
      <Filter>源文件</Filter>
    </ClCompile>
    <ClCompile Include="MyCtrlEx\StatusBar\MyStatusBar.cpp">
      <Filter>源文件</Filter>
    </ClCompile>
    <ClCompile Include="Factory\CDlgFactory.cpp">
      <Filter>源文件</Filter>
    </ClCompile>
    <ClCompile Include="DlgWelcome.cpp">
      <Filter>源文件</Filter>
    </ClCompile>
    <ClCompile Include="MyCtrlEx\CaptionBar\MyCaptionBar.cpp">
      <Filter>源文件</Filter>
    </ClCompile>
    <ClCompile Include="MyCtrlEx\RibbonApplicationButton\MyRibbonApplicationButton.cpp">
      <Filter>源文件</Filter>
    </ClCompile>
    <ClCompile Include="DlgPane1item1.cpp">
      <Filter>源文件</Filter>
    </ClCompile>
    <ClCompile Include="DlgPane1Item2.cpp">
      <Filter>源文件</Filter>
    </ClCompile>
    <ClCompile Include="DlgPane2Item1.cpp">
      <Filter>源文件</Filter>
    </ClCompile>
    <ClCompile Include="DlgPane2Item2.cpp">
      <Filter>源文件</Filter>
    </ClCompile>
    <ClCompile Include="DlgPane2Item3.cpp">
      <Filter>源文件</Filter>
    </ClCompile>
    <ClCompile Include="DlgPane1Item3.cpp">
      <Filter>源文件</Filter>
    </ClCompile>
    <ClCompile Include="FileTxt.cpp">
      <Filter>源文件</Filter>
    </ClCompile>
    <ClCompile Include="Directory.cpp">
      <Filter>源文件</Filter>
    </ClCompile>
    <ClCompile Include="MyADOConnEx.cpp">
      <Filter>源文件</Filter>
    </ClCompile>
    <ClCompile Include="DBDatabaseFields.cpp">
      <Filter>源文件</Filter>
    </ClCompile>
    <ClCompile Include="LocalConfigureDlg.cpp">
      <Filter>源文件</Filter>
    </ClCompile>
    <ClCompile Include="DlgLoading.cpp">
      <Filter>源文件</Filter>
    </ClCompile>
    <ClCompile Include="MyCtrlEx\Static\PictureEx.cpp">
      <Filter>源文件</Filter>
    </ClCompile>
    <ClCompile Include="MyCtrlEx\Desktop\CMFCDesktopAlertMid.cpp">
      <Filter>源文件</Filter>
    </ClCompile>
    <ClCompile Include="DlgDesktop.cpp">
      <Filter>源文件</Filter>
    </ClCompile>
    <ClCompile Include="DlgTask.cpp">
      <Filter>源文件</Filter>
    </ClCompile>
    <ClCompile Include="DBTaskInfo.cpp">
      <Filter>源文件</Filter>
    </ClCompile>
    <ClCompile Include="DlgCreateSqlScript.cpp">
      <Filter>源文件</Filter>
    </ClCompile>
    <ClCompile Include="Registry.cpp">
      <Filter>源文件</Filter>
    </ClCompile>
    <ClCompile Include="..\..\CommonInclude\Global\ClassEx\MySerial.cpp">
      <Filter>源文件</Filter>
    </ClCompile>
    <ClCompile Include="DataMid.cpp">
      <Filter>源文件</Filter>
    </ClCompile>
    <ClCompile Include="..\..\CommonInclude\Global\ClassEx\ADOConn\ADOConn.cpp">
      <Filter>源文件</Filter>
    </ClCompile>
  </ItemGroup>
  <ItemGroup>
    <ResourceCompile Include="QLSvrMgn.rc">
      <Filter>资源文件</Filter>
    </ResourceCompile>
  </ItemGroup>
</Project>